
Microsoft Visual Studio Solution File, Format Version 12.00
# Visual Studio Version 16
VisualStudioVersion = 16.0.29609.76
MinimumVisualStudioVersion = 10.0.40219.1
Project("{FAE04EC0-301F-11D3-BF4B-00C04F79EFBC}") = "LCRemoveDuplicatesFromSortedArray", "LCRemoveDuplicatesFromSortedArray\LCRemoveDuplicatesFromSortedArray.csproj", "{2E0BAA9B-206B-447F-A95C-EC18FD3A1F08}"
EndProject
Global
	GlobalSection(SolutionConfigurationPlatforms) = preSolution
		Debug|Any CPU = Debug|Any CPU
		Release|Any CPU = Release|Any CPU
	EndGlobalSection
	GlobalSection(ProjectConfigurationPlatforms) = postSolution
		{2E0BAA9B-206B-447F-A95C-EC18FD3A1F08}.Debug|Any CPU.ActiveCfg = Debug|Any CPU
		{2E0BAA9B-206B-447F-A95C-EC18FD3A1F08}.Debug|Any CPU.Build.0 = Debug|Any CPU
		{2E0BAA9B-206B-447F-A95C-EC18FD3A1F08}.Release|Any CPU.ActiveCfg = Release|Any CPU
		{2E0BAA9B-206B-447F-A95C-EC18FD3A1F08}.Release|Any CPU.Build.0 = Release|Any CPU
	EndGlobalSection
	GlobalSection(SolutionProperties) = preSolution
		HideSolutionNode = FALSE
	EndGlobalSection
	GlobalSection(ExtensibilityGlobals) = postSolution
		SolutionGuid = {0515BAFA-F1AB-4434-A339-09DDE13C79B1}
	EndGlobalSection
EndGlobal
